// !$*UTF8*$!
{
	archiveVersion = 1;
	classes = {
	};
	objectVersion = 56;
	objects = {

/* Begin PBXBuildFile section */
		211315902AE1602500FA6492 /* PrimaryButtonModifier.swift in Sources */ = {isa = PBXBuildFile; fileRef = 2113158F2AE1602500FA6492 /* PrimaryButtonModifier.swift */; };
		2137D5792AC1459C00AFE225 /* PickleApp.swift in Sources */ = {isa = PBXBuildFile; fileRef = 2137D5782AC1459C00AFE225 /* PickleApp.swift */; };
		2137D57B2AC1459C00AFE225 /* ContentView.swift in Sources */ = {isa = PBXBuildFile; fileRef = 2137D57A2AC1459C00AFE225 /* ContentView.swift */; };
		2137D57D2AC1459D00AFE225 /* Assets.xcassets in Resources */ = {isa = PBXBuildFile; fileRef = 2137D57C2AC1459D00AFE225 /* Assets.xcassets */; };
		2137D5802AC1459D00AFE225 /* Preview Assets.xcassets in Resources */ = {isa = PBXBuildFile; fileRef = 2137D57F2AC1459D00AFE225 /* Preview Assets.xcassets */; };
		2137D5882AC1460F00AFE225 /* .swiftlint.yml in Resources */ = {isa = PBXBuildFile; fileRef = 2137D5872AC1460F00AFE225 /* .swiftlint.yml */; };
		2137D58A2AC1473C00AFE225 /* HomeView.swift in Sources */ = {isa = PBXBuildFile; fileRef = 2137D5892AC1473C00AFE225 /* HomeView.swift */; };
		2137D58D2AC1475800AFE225 /* AddTodoView.swift in Sources */ = {isa = PBXBuildFile; fileRef = 2137D58C2AC1475800AFE225 /* AddTodoView.swift */; };
		2137D58F2AC1476000AFE225 /* TimerView.swift in Sources */ = {isa = PBXBuildFile; fileRef = 2137D58E2AC1476000AFE225 /* TimerView.swift */; };
		2137D5912AC1476700AFE225 /* MissionView.swift in Sources */ = {isa = PBXBuildFile; fileRef = 2137D5902AC1476700AFE225 /* MissionView.swift */; };
		2137D5932AC1478C00AFE225 /* CalendarView.swift in Sources */ = {isa = PBXBuildFile; fileRef = 2137D5922AC1478C00AFE225 /* CalendarView.swift */; };
		2137D5952AC1479700AFE225 /* SettingView.swift in Sources */ = {isa = PBXBuildFile; fileRef = 2137D5942AC1479700AFE225 /* SettingView.swift */; };
		2137D5A42AC14C6A00AFE225 /* CGFloat.swift in Sources */ = {isa = PBXBuildFile; fileRef = 2137D5A32AC14C6A00AFE225 /* CGFloat.swift */; };
		2137D5A62AC14C7500AFE225 /* Color.swift in Sources */ = {isa = PBXBuildFile; fileRef = 2137D5A52AC14C7500AFE225 /* Color.swift */; };
		2137D5A82AC14C7A00AFE225 /* Font.swift in Sources */ = {isa = PBXBuildFile; fileRef = 2137D5A72AC14C7A00AFE225 /* Font.swift */; };
		2137D5AA2AC14EA500AFE225 /* View.swift in Sources */ = {isa = PBXBuildFile; fileRef = 2137D5A92AC14EA500AFE225 /* View.swift */; };
		2137D5AD2AC14F1100AFE225 /* NavigationBar.swift in Sources */ = {isa = PBXBuildFile; fileRef = 2137D5AC2AC14F1100AFE225 /* NavigationBar.swift */; };
		2137D5B02AC176DB00AFE225 /* TodoCellView.swift in Sources */ = {isa = PBXBuildFile; fileRef = 2137D5AF2AC176DB00AFE225 /* TodoCellView.swift */; };
		2160F9772AE2B98900FC9469 /* LaunchScreen.storyboard in Resources */ = {isa = PBXBuildFile; fileRef = 2160F9762AE2B98900FC9469 /* LaunchScreen.storyboard */; };
		21CD68762AD31FC2006DAB62 /* PizzaView.swift in Sources */ = {isa = PBXBuildFile; fileRef = 21CD68752AD31FC2006DAB62 /* PizzaView.swift */; };
		21E711892AD48A01002B8069 /* NotificationManager.swift in Sources */ = {isa = PBXBuildFile; fileRef = 21E711882AD48A01002B8069 /* NotificationManager.swift */; };
		21E7118B2AD48DE9002B8069 /* SetNotiView.swift in Sources */ = {isa = PBXBuildFile; fileRef = 21E7118A2AD48DE9002B8069 /* SetNotiView.swift */; };
		21E7118F2AD53862002B8069 /* LocalNotification.swift in Sources */ = {isa = PBXBuildFile; fileRef = 21E7118E2AD53862002B8069 /* LocalNotification.swift */; };
		21FA26772AC2A10800877122 /* Todo.swift in Sources */ = {isa = PBXBuildFile; fileRef = 21FA26762AC2A10800877122 /* Todo.swift */; };
		21FA267B2AC2ADFB00877122 /* Mission.swift in Sources */ = {isa = PBXBuildFile; fileRef = 21FA267A2AC2ADFB00877122 /* Mission.swift */; };
		21FA267D2AC2B50D00877122 /* User.swift in Sources */ = {isa = PBXBuildFile; fileRef = 21FA267C2AC2B50D00877122 /* User.swift */; };
		21FA267F2AC2BB3800877122 /* Pizza.swift in Sources */ = {isa = PBXBuildFile; fileRef = 21FA267E2AC2BB3800877122 /* Pizza.swift */; };
		960C417F2ACD41CD009A0093 /* CornerButtonModifier.swift in Sources */ = {isa = PBXBuildFile; fileRef = 960C417E2ACD41CD009A0093 /* CornerButtonModifier.swift */; };
		960C41842ACDA42B009A0093 /* BaseRepository.swift in Sources */ = {isa = PBXBuildFile; fileRef = 960C41832ACDA42B009A0093 /* BaseRepository.swift */; };
		960C41862ACE390A009A0093 /* URL.swift in Sources */ = {isa = PBXBuildFile; fileRef = 960C41852ACE390A009A0093 /* URL.swift */; };
		960C418A2ACE3945009A0093 /* DBStore.swift in Sources */ = {isa = PBXBuildFile; fileRef = 960C41892ACE3945009A0093 /* DBStore.swift */; };
		960C418C2ACE3969009A0093 /* RealmStore.swift in Sources */ = {isa = PBXBuildFile; fileRef = 960C418B2ACE3969009A0093 /* RealmStore.swift */; };
		960C418E2ACE3FCA009A0093 /* TodoRepository.swift in Sources */ = {isa = PBXBuildFile; fileRef = 960C418D2ACE3FCA009A0093 /* TodoRepository.swift */; };
		960C41922ACE41E1009A0093 /* Object+Extensions.swift in Sources */ = {isa = PBXBuildFile; fileRef = 960C41912ACE41E1009A0093 /* Object+Extensions.swift */; };
		960C41942ACE4236009A0093 /* BehaviorMissionObject.swift in Sources */ = {isa = PBXBuildFile; fileRef = 960C41932ACE4236009A0093 /* BehaviorMissionObject.swift */; };
		960C41962ACE4396009A0093 /* TimeMissionRepository.swift in Sources */ = {isa = PBXBuildFile; fileRef = 960C41952ACE4396009A0093 /* TimeMissionRepository.swift */; };
		960C419A2ACE7AF9009A0093 /* Log.swift in Sources */ = {isa = PBXBuildFile; fileRef = 960C41992ACE7AF9009A0093 /* Log.swift */; };
		960C419D2ACE8276009A0093 /* TodoStore.swift in Sources */ = {isa = PBXBuildFile; fileRef = 960C419C2ACE8276009A0093 /* TodoStore.swift */; };
		960C41A02ACEF0DA009A0093 /* DependencyContainer.swift in Sources */ = {isa = PBXBuildFile; fileRef = 960C419F2ACEF0DA009A0093 /* DependencyContainer.swift */; };
		960C41A22ACEF0FA009A0093 /* DependencyType.swift in Sources */ = {isa = PBXBuildFile; fileRef = 960C41A12ACEF0FA009A0093 /* DependencyType.swift */; };
		960C41A42ACEF253009A0093 /* Injected+Wrapper.swift in Sources */ = {isa = PBXBuildFile; fileRef = 960C41A32ACEF253009A0093 /* Injected+Wrapper.swift */; };
		960C41A62ACEF4F1009A0093 /* Repository+Extension.swift in Sources */ = {isa = PBXBuildFile; fileRef = 960C41A52ACEF4F1009A0093 /* Repository+Extension.swift */; };
		960C41A82ACEFD6C009A0093 /* MappableProtocol.swift in Sources */ = {isa = PBXBuildFile; fileRef = 960C41A72ACEFD6C009A0093 /* MappableProtocol.swift */; };
		961296962AC16FBE009A9815 /* BackColorModifier.swift in Sources */ = {isa = PBXBuildFile; fileRef = 961296952AC16FBE009A9815 /* BackColorModifier.swift */; };
		961296982AC17120009A9815 /* TextFieldModifier.swift in Sources */ = {isa = PBXBuildFile; fileRef = 961296972AC17120009A9815 /* TextFieldModifier.swift */; };
		963AFF8F2AC3319D00835FD8 /* Migrator.swift in Sources */ = {isa = PBXBuildFile; fileRef = 963AFF8E2AC3319D00835FD8 /* Migrator.swift */; };
		963AFF922AC33A1800835FD8 /* TodoObject.swift in Sources */ = {isa = PBXBuildFile; fileRef = 963AFF912AC33A1800835FD8 /* TodoObject.swift */; };
		963AFF942AC33EAF00835FD8 /* MissionObject.swift in Sources */ = {isa = PBXBuildFile; fileRef = 963AFF932AC33EAF00835FD8 /* MissionObject.swift */; };
		965C9B9A2ADA866E0015ABBE /* PizzaSelectedView.swift in Sources */ = {isa = PBXBuildFile; fileRef = 965C9B992ADA866E0015ABBE /* PizzaSelectedView.swift */; };
		965C9BA22ADAB2380015ABBE /* PickleTests.swift in Sources */ = {isa = PBXBuildFile; fileRef = 965C9BA12ADAB2380015ABBE /* PickleTests.swift */; };
		965C9BEB2ADBAF7E0015ABBE /* PizzaAlert.swift in Sources */ = {isa = PBXBuildFile; fileRef = 965C9BEA2ADBAF7E0015ABBE /* PizzaAlert.swift */; };
		96635F5C2ADF9EE60072F21E /* Todo-extension.swift in Sources */ = {isa = PBXBuildFile; fileRef = 96635F5B2ADF9EE60072F21E /* Todo-extension.swift */; };
		96635F5E2ADF9EEF0072F21E /* TimeMission-extension.swift in Sources */ = {isa = PBXBuildFile; fileRef = 96635F5D2ADF9EEF0072F21E /* TimeMission-extension.swift */; };
		96635F602ADF9EF50072F21E /* User-extension.swift in Sources */ = {isa = PBXBuildFile; fileRef = 96635F5F2ADF9EF50072F21E /* User-extension.swift */; };
		96635F622ADF9EFC0072F21E /* Pizza-extension.swift in Sources */ = {isa = PBXBuildFile; fileRef = 96635F612ADF9EFC0072F21E /* Pizza-extension.swift */; };
		96635F652ADF9F380072F21E /* Status.swift in Sources */ = {isa = PBXBuildFile; fileRef = 96635F642ADF9F380072F21E /* Status.swift */; };
		96635F672ADFA0960072F21E /* BehaviorMission-extension.swift in Sources */ = {isa = PBXBuildFile; fileRef = 96635F662ADFA0960072F21E /* BehaviorMission-extension.swift */; };
		96635F6A2ADFA4A70072F21E /* KeyPathEditable.swift in Sources */ = {isa = PBXBuildFile; fileRef = 96635F692ADFA4A70072F21E /* KeyPathEditable.swift */; };
		96943B262ADFFDED0026D54F /* BackgroundModifier.swift in Sources */ = {isa = PBXBuildFile; fileRef = 96943B252ADFFDED0026D54F /* BackgroundModifier.swift */; };
		96A1D4A32ACFD97A003BC207 /* BehaviorMissionRepository.swift in Sources */ = {isa = PBXBuildFile; fileRef = 96A1D4A22ACFD97A003BC207 /* BehaviorMissionRepository.swift */; };
		96A1D4A72ACFE384003BC207 /* MissionStore.swift in Sources */ = {isa = PBXBuildFile; fileRef = 96A1D4A62ACFE384003BC207 /* MissionStore.swift */; };
		96A1D4AA2AD176B6003BC207 /* Injection+Key.swift in Sources */ = {isa = PBXBuildFile; fileRef = 96A1D4A92AD176B6003BC207 /* Injection+Key.swift */; };
		96A1D4AC2AD17829003BC207 /* Midiator.swift in Sources */ = {isa = PBXBuildFile; fileRef = 96A1D4AB2AD17829003BC207 /* Midiator.swift */; };
		96A1E4A92AD403BB001B2960 /* MissionType.swift in Sources */ = {isa = PBXBuildFile; fileRef = 96A1E4A82AD403BB001B2960 /* MissionType.swift */; };
		96A1E4AB2AD4DD0A001B2960 /* FaildAlert.swift in Sources */ = {isa = PBXBuildFile; fileRef = 96A1E4AA2AD4DD0A001B2960 /* FaildAlert.swift */; };
		96A1E4AD2AD5277E001B2960 /* UserRepository.swift in Sources */ = {isa = PBXBuildFile; fileRef = 96A1E4AC2AD5277E001B2960 /* UserRepository.swift */; };
		96A1E4AF2AD527B4001B2960 /* UserObject.swift in Sources */ = {isa = PBXBuildFile; fileRef = 96A1E4AE2AD527B4001B2960 /* UserObject.swift */; };
		96A1E4B12AD52919001B2960 /* UserStore.swift in Sources */ = {isa = PBXBuildFile; fileRef = 96A1E4B02AD52919001B2960 /* UserStore.swift */; };
		96A1E4B42AD5384B001B2960 /* RealmError.swift in Sources */ = {isa = PBXBuildFile; fileRef = 96A1E4B32AD5384B001B2960 /* RealmError.swift */; };
		96A1E4B62AD53866001B2960 /* PersistentedError.swift in Sources */ = {isa = PBXBuildFile; fileRef = 96A1E4B52AD53866001B2960 /* PersistentedError.swift */; };
		96BF92912AC27EAC00277131 /* Realm in Frameworks */ = {isa = PBXBuildFile; productRef = 96BF92902AC27EAC00277131 /* Realm */; };
		96BF92932AC27EAC00277131 /* RealmSwift in Frameworks */ = {isa = PBXBuildFile; productRef = 96BF92922AC27EAC00277131 /* RealmSwift */; };
		96C64FE32ADC2C450042204A /* CustomSheetView.swift in Sources */ = {isa = PBXBuildFile; fileRef = 96C64FE22ADC2C450042204A /* CustomSheetView.swift */; };
		96C716DB2AC1614F00B4B8E0 /* RegisterView.swift in Sources */ = {isa = PBXBuildFile; fileRef = 96C716DA2AC1614F00B4B8E0 /* RegisterView.swift */; };
		96CE29C32ADE63A40070EF92 /* PizzaObject.swift in Sources */ = {isa = PBXBuildFile; fileRef = 96CE29C22ADE63A40070EF92 /* PizzaObject.swift */; };
		96CE29C52ADE66B50070EF92 /* PizzaRepository.swift in Sources */ = {isa = PBXBuildFile; fileRef = 96CE29C42ADE66B50070EF92 /* PizzaRepository.swift */; };
		96CE29C72ADEC6560070EF92 /* PizzaStore.swift in Sources */ = {isa = PBXBuildFile; fileRef = 96CE29C62ADEC6560070EF92 /* PizzaStore.swift */; };
		96CE29C92ADED0CA0070EF92 /* Collection.swift in Sources */ = {isa = PBXBuildFile; fileRef = 96CE29C82ADED0CA0070EF92 /* Collection.swift */; };
		96CF08E62AD9098400648B59 /* NanumSquareNeoOTF-Eb.otf in Resources */ = {isa = PBXBuildFile; fileRef = 96CF08E02AD9098300648B59 /* NanumSquareNeoOTF-Eb.otf */; };
		96CF08E72AD9098400648B59 /* NanumSquareNeoOTF-Bd.otf in Resources */ = {isa = PBXBuildFile; fileRef = 96CF08E12AD9098400648B59 /* NanumSquareNeoOTF-Bd.otf */; };
		96CF08E82AD9098400648B59 /* NanumSquareNeoOTF-Hv.otf in Resources */ = {isa = PBXBuildFile; fileRef = 96CF08E22AD9098400648B59 /* NanumSquareNeoOTF-Hv.otf */; };
		96CF08E92AD9098400648B59 /* NanumSquareNeoOTF-Lt.otf in Resources */ = {isa = PBXBuildFile; fileRef = 96CF08E32AD9098400648B59 /* NanumSquareNeoOTF-Lt.otf */; };
		96CF08EA2AD9098400648B59 /* Chab.otf in Resources */ = {isa = PBXBuildFile; fileRef = 96CF08E42AD9098400648B59 /* Chab.otf */; };
		96CF08EB2AD9098400648B59 /* NanumSquareNeoOTF-Rg.otf in Resources */ = {isa = PBXBuildFile; fileRef = 96CF08E52AD9098400648B59 /* NanumSquareNeoOTF-Rg.otf */; };
		96CF08EE2AD933A400648B59 /* DotCircleView.swift in Sources */ = {isa = PBXBuildFile; fileRef = 96CF08ED2AD933A400648B59 /* DotCircleView.swift */; };
		A0052FB42ACD48A3005B3263 /* TimerReportView.swift in Sources */ = {isa = PBXBuildFile; fileRef = A0052FB32ACD48A3005B3263 /* TimerReportView.swift */; };
		A072B9482AE0460E001C3DAF /* TimerViewModel.swift in Sources */ = {isa = PBXBuildFile; fileRef = A072B9472AE0460E001C3DAF /* TimerViewModel.swift */; };
		A08EF5412AE265C900349A58 /* GiveupAlert.swift in Sources */ = {isa = PBXBuildFile; fileRef = A08EF5402AE265C900349A58 /* GiveupAlert.swift */; };
		B063F5CE2ADD02DB008EF304 /* HealthKitStore.swift in Sources */ = {isa = PBXBuildFile; fileRef = B063F5CD2ADD02DB008EF304 /* HealthKitStore.swift */; };
		B0C158DA2AC1647D003B00E6 /* MissionStyleView.swift in Sources */ = {isa = PBXBuildFile; fileRef = B0C158D92AC1647D003B00E6 /* MissionStyleView.swift */; };
		B0C158DC2AC1759D003B00E6 /* MissionSettingView.swift in Sources */ = {isa = PBXBuildFile; fileRef = B0C158DB2AC1759D003B00E6 /* MissionSettingView.swift */; };
		B0C74AE82ACFC7A100A14A8B /* RewardAlert.swift in Sources */ = {isa = PBXBuildFile; fileRef = B0C74AE72ACFC7A100A14A8B /* RewardAlert.swift */; };
		B729A2492AC3FEB2008FF7C5 /* TaskRowView.swift in Sources */ = {isa = PBXBuildFile; fileRef = B729A2482AC3FEB2008FF7C5 /* TaskRowView.swift */; };
		B7908DC12AE01BFC004C5221 /* PizzaSummaryView.swift in Sources */ = {isa = PBXBuildFile; fileRef = B7908DC02AE01BFC004C5221 /* PizzaSummaryView.swift */; };
		B7C1D0A52AD62EB9000420A9 /* MonthlyView.swift in Sources */ = {isa = PBXBuildFile; fileRef = B7C1D0A42AD62EB9000420A9 /* MonthlyView.swift */; };
		B7C341AD2AC167F800744EB7 /* CalendarSampleTask.swift in Sources */ = {isa = PBXBuildFile; fileRef = B7C341AC2AC167F800744EB7 /* CalendarSampleTask.swift */; };
		B7C341AF2AC1684400744EB7 /* CalendarViewModel.swift in Sources */ = {isa = PBXBuildFile; fileRef = B7C341AE2AC1684400744EB7 /* CalendarViewModel.swift */; };
		B7C341B32AC29CB900744EB7 /* OffsetKey.swift in Sources */ = {isa = PBXBuildFile; fileRef = B7C341B22AC29CB900744EB7 /* OffsetKey.swift */; };
		B7C341B52AC2CA7400744EB7 /* Date+Extensions.swift in Sources */ = {isa = PBXBuildFile; fileRef = B7C341B42AC2CA7400744EB7 /* Date+Extensions.swift */; };
/* End PBXBuildFile section */

/* Begin PBXContainerItemProxy section */
		965C9BA32ADAB2380015ABBE /* PBXContainerItemProxy */ = {
			isa = PBXContainerItemProxy;
			containerPortal = 2137D56D2AC1459C00AFE225 /* Project object */;
			proxyType = 1;
			remoteGlobalIDString = 2137D5742AC1459C00AFE225;
			remoteInfo = Pickle;
		};
/* End PBXContainerItemProxy section */

/* Begin PBXFileReference section */
		2113158F2AE1602500FA6492 /* PrimaryButtonModifier.swift */ = {isa = PBXFileReference; lastKnownFileType = sourcecode.swift; path = PrimaryButtonModifier.swift; sourceTree = "<group>"; };
		2137D5752AC1459C00AFE225 /* Pickle.app */ = {isa = PBXFileReference; explicitFileType = wrapper.application; includeInIndex = 0; path = Pickle.app; sourceTree = BUILT_PRODUCTS_DIR; };
		2137D5782AC1459C00AFE225 /* PickleApp.swift */ = {isa = PBXFileReference; lastKnownFileType = sourcecode.swift; path = PickleApp.swift; sourceTree = "<group>"; };
		2137D57A2AC1459C00AFE225 /* ContentView.swift */ = {isa = PBXFileReference; lastKnownFileType = sourcecode.swift; path = ContentView.swift; sourceTree = "<group>"; };
		2137D57C2AC1459D00AFE225 /* Assets.xcassets */ = {isa = PBXFileReference; lastKnownFileType = folder.assetcatalog; path = Assets.xcassets; sourceTree = "<group>"; };
		2137D57F2AC1459D00AFE225 /* Preview Assets.xcassets */ = {isa = PBXFileReference; lastKnownFileType = folder.assetcatalog; path = "Preview Assets.xcassets"; sourceTree = "<group>"; };
		2137D5872AC1460F00AFE225 /* .swiftlint.yml */ = {isa = PBXFileReference; lastKnownFileType = text.yaml; path = .swiftlint.yml; sourceTree = "<group>"; };
		2137D5892AC1473C00AFE225 /* HomeView.swift */ = {isa = PBXFileReference; lastKnownFileType = sourcecode.swift; path = HomeView.swift; sourceTree = "<group>"; };
		2137D58C2AC1475800AFE225 /* AddTodoView.swift */ = {isa = PBXFileReference; lastKnownFileType = sourcecode.swift; path = AddTodoView.swift; sourceTree = "<group>"; };
		2137D58E2AC1476000AFE225 /* TimerView.swift */ = {isa = PBXFileReference; lastKnownFileType = sourcecode.swift; path = TimerView.swift; sourceTree = "<group>"; };
		2137D5902AC1476700AFE225 /* MissionView.swift */ = {isa = PBXFileReference; lastKnownFileType = sourcecode.swift; path = MissionView.swift; sourceTree = "<group>"; };
		2137D5922AC1478C00AFE225 /* CalendarView.swift */ = {isa = PBXFileReference; lastKnownFileType = sourcecode.swift; path = CalendarView.swift; sourceTree = "<group>"; };
		2137D5942AC1479700AFE225 /* SettingView.swift */ = {isa = PBXFileReference; lastKnownFileType = sourcecode.swift; path = SettingView.swift; sourceTree = "<group>"; };
		2137D5A32AC14C6A00AFE225 /* CGFloat.swift */ = {isa = PBXFileReference; lastKnownFileType = sourcecode.swift; path = CGFloat.swift; sourceTree = "<group>"; };
		2137D5A52AC14C7500AFE225 /* Color.swift */ = {isa = PBXFileReference; lastKnownFileType = sourcecode.swift; path = Color.swift; sourceTree = "<group>"; };
		2137D5A72AC14C7A00AFE225 /* Font.swift */ = {isa = PBXFileReference; lastKnownFileType = sourcecode.swift; path = Font.swift; sourceTree = "<group>"; };
		2137D5A92AC14EA500AFE225 /* View.swift */ = {isa = PBXFileReference; lastKnownFileType = sourcecode.swift; path = View.swift; sourceTree = "<group>"; };
		2137D5AC2AC14F1100AFE225 /* NavigationBar.swift */ = {isa = PBXFileReference; lastKnownFileType = sourcecode.swift; path = NavigationBar.swift; sourceTree = "<group>"; };
		2137D5AF2AC176DB00AFE225 /* TodoCellView.swift */ = {isa = PBXFileReference; lastKnownFileType = sourcecode.swift; path = TodoCellView.swift; sourceTree = "<group>"; };
		2160F9762AE2B98900FC9469 /* LaunchScreen.storyboard */ = {isa = PBXFileReference; lastKnownFileType = file.storyboard; path = LaunchScreen.storyboard; sourceTree = "<group>"; };
		21CD68752AD31FC2006DAB62 /* PizzaView.swift */ = {isa = PBXFileReference; lastKnownFileType = sourcecode.swift; path = PizzaView.swift; sourceTree = "<group>"; };
		21E711882AD48A01002B8069 /* NotificationManager.swift */ = {isa = PBXFileReference; lastKnownFileType = sourcecode.swift; path = NotificationManager.swift; sourceTree = "<group>"; };
		21E7118A2AD48DE9002B8069 /* SetNotiView.swift */ = {isa = PBXFileReference; lastKnownFileType = sourcecode.swift; path = SetNotiView.swift; sourceTree = "<group>"; };
		21E7118E2AD53862002B8069 /* LocalNotification.swift */ = {isa = PBXFileReference; lastKnownFileType = sourcecode.swift; path = LocalNotification.swift; sourceTree = "<group>"; };
		21FA26762AC2A10800877122 /* Todo.swift */ = {isa = PBXFileReference; lastKnownFileType = sourcecode.swift; path = Todo.swift; sourceTree = "<group>"; };
		21FA267A2AC2ADFB00877122 /* Mission.swift */ = {isa = PBXFileReference; lastKnownFileType = sourcecode.swift; path = Mission.swift; sourceTree = "<group>"; };
		21FA267C2AC2B50D00877122 /* User.swift */ = {isa = PBXFileReference; lastKnownFileType = sourcecode.swift; path = User.swift; sourceTree = "<group>"; };
		21FA267E2AC2BB3800877122 /* Pizza.swift */ = {isa = PBXFileReference; lastKnownFileType = sourcecode.swift; path = Pizza.swift; sourceTree = "<group>"; };
		960C417E2ACD41CD009A0093 /* CornerButtonModifier.swift */ = {isa = PBXFileReference; lastKnownFileType = sourcecode.swift; path = CornerButtonModifier.swift; sourceTree = "<group>"; };
		960C41832ACDA42B009A0093 /* BaseRepository.swift */ = {isa = PBXFileReference; lastKnownFileType = sourcecode.swift; path = BaseRepository.swift; sourceTree = "<group>"; };
		960C41852ACE390A009A0093 /* URL.swift */ = {isa = PBXFileReference; lastKnownFileType = sourcecode.swift; path = URL.swift; sourceTree = "<group>"; };
		960C41892ACE3945009A0093 /* DBStore.swift */ = {isa = PBXFileReference; lastKnownFileType = sourcecode.swift; path = DBStore.swift; sourceTree = "<group>"; };
		960C418B2ACE3969009A0093 /* RealmStore.swift */ = {isa = PBXFileReference; lastKnownFileType = sourcecode.swift; path = RealmStore.swift; sourceTree = "<group>"; };
		960C418D2ACE3FCA009A0093 /* TodoRepository.swift */ = {isa = PBXFileReference; lastKnownFileType = sourcecode.swift; path = TodoRepository.swift; sourceTree = "<group>"; };
		960C41912ACE41E1009A0093 /* Object+Extensions.swift */ = {isa = PBXFileReference; lastKnownFileType = sourcecode.swift; path = "Object+Extensions.swift"; sourceTree = "<group>"; };
		960C41932ACE4236009A0093 /* BehaviorMissionObject.swift */ = {isa = PBXFileReference; lastKnownFileType = sourcecode.swift; path = BehaviorMissionObject.swift; sourceTree = "<group>"; };
		960C41952ACE4396009A0093 /* TimeMissionRepository.swift */ = {isa = PBXFileReference; lastKnownFileType = sourcecode.swift; path = TimeMissionRepository.swift; sourceTree = "<group>"; };
		960C41992ACE7AF9009A0093 /* Log.swift */ = {isa = PBXFileReference; lastKnownFileType = sourcecode.swift; path = Log.swift; sourceTree = "<group>"; };
		960C419C2ACE8276009A0093 /* TodoStore.swift */ = {isa = PBXFileReference; lastKnownFileType = sourcecode.swift; path = TodoStore.swift; sourceTree = "<group>"; };
		960C419F2ACEF0DA009A0093 /* DependencyContainer.swift */ = {isa = PBXFileReference; lastKnownFileType = sourcecode.swift; path = DependencyContainer.swift; sourceTree = "<group>"; };
		960C41A12ACEF0FA009A0093 /* DependencyType.swift */ = {isa = PBXFileReference; lastKnownFileType = sourcecode.swift; path = DependencyType.swift; sourceTree = "<group>"; };
		960C41A32ACEF253009A0093 /* Injected+Wrapper.swift */ = {isa = PBXFileReference; lastKnownFileType = sourcecode.swift; path = "Injected+Wrapper.swift"; sourceTree = "<group>"; };
		960C41A52ACEF4F1009A0093 /* Repository+Extension.swift */ = {isa = PBXFileReference; lastKnownFileType = sourcecode.swift; path = "Repository+Extension.swift"; sourceTree = "<group>"; };
		960C41A72ACEFD6C009A0093 /* MappableProtocol.swift */ = {isa = PBXFileReference; lastKnownFileType = sourcecode.swift; path = MappableProtocol.swift; sourceTree = "<group>"; };
		961296952AC16FBE009A9815 /* BackColorModifier.swift */ = {isa = PBXFileReference; lastKnownFileType = sourcecode.swift; path = BackColorModifier.swift; sourceTree = "<group>"; };
		961296972AC17120009A9815 /* TextFieldModifier.swift */ = {isa = PBXFileReference; lastKnownFileType = sourcecode.swift; path = TextFieldModifier.swift; sourceTree = "<group>"; };
		963AFF8E2AC3319D00835FD8 /* Migrator.swift */ = {isa = PBXFileReference; lastKnownFileType = sourcecode.swift; path = Migrator.swift; sourceTree = "<group>"; };
		963AFF912AC33A1800835FD8 /* TodoObject.swift */ = {isa = PBXFileReference; lastKnownFileType = sourcecode.swift; path = TodoObject.swift; sourceTree = "<group>"; };
		963AFF932AC33EAF00835FD8 /* MissionObject.swift */ = {isa = PBXFileReference; lastKnownFileType = sourcecode.swift; path = MissionObject.swift; sourceTree = "<group>"; };
		965C9B992ADA866E0015ABBE /* PizzaSelectedView.swift */ = {isa = PBXFileReference; lastKnownFileType = sourcecode.swift; path = PizzaSelectedView.swift; sourceTree = "<group>"; };
		965C9B9F2ADAB2380015ABBE /* PickleTests.xctest */ = {isa = PBXFileReference; explicitFileType = wrapper.cfbundle; includeInIndex = 0; path = PickleTests.xctest; sourceTree = BUILT_PRODUCTS_DIR; };
		965C9BA12ADAB2380015ABBE /* PickleTests.swift */ = {isa = PBXFileReference; lastKnownFileType = sourcecode.swift; path = PickleTests.swift; sourceTree = "<group>"; };
		965C9BEA2ADBAF7E0015ABBE /* PizzaAlert.swift */ = {isa = PBXFileReference; lastKnownFileType = sourcecode.swift; path = PizzaAlert.swift; sourceTree = "<group>"; };
		96635F5B2ADF9EE60072F21E /* Todo-extension.swift */ = {isa = PBXFileReference; lastKnownFileType = sourcecode.swift; path = "Todo-extension.swift"; sourceTree = "<group>"; };
		96635F5D2ADF9EEF0072F21E /* TimeMission-extension.swift */ = {isa = PBXFileReference; lastKnownFileType = sourcecode.swift; path = "TimeMission-extension.swift"; sourceTree = "<group>"; };
		96635F5F2ADF9EF50072F21E /* User-extension.swift */ = {isa = PBXFileReference; lastKnownFileType = sourcecode.swift; path = "User-extension.swift"; sourceTree = "<group>"; };
		96635F612ADF9EFC0072F21E /* Pizza-extension.swift */ = {isa = PBXFileReference; lastKnownFileType = sourcecode.swift; path = "Pizza-extension.swift"; sourceTree = "<group>"; };
		96635F642ADF9F380072F21E /* Status.swift */ = {isa = PBXFileReference; lastKnownFileType = sourcecode.swift; path = Status.swift; sourceTree = "<group>"; };
		96635F662ADFA0960072F21E /* BehaviorMission-extension.swift */ = {isa = PBXFileReference; lastKnownFileType = sourcecode.swift; path = "BehaviorMission-extension.swift"; sourceTree = "<group>"; };
		96635F692ADFA4A70072F21E /* KeyPathEditable.swift */ = {isa = PBXFileReference; lastKnownFileType = sourcecode.swift; path = KeyPathEditable.swift; sourceTree = "<group>"; };
		96943B252ADFFDED0026D54F /* BackgroundModifier.swift */ = {isa = PBXFileReference; lastKnownFileType = sourcecode.swift; path = BackgroundModifier.swift; sourceTree = "<group>"; };
		96A1D4A22ACFD97A003BC207 /* BehaviorMissionRepository.swift */ = {isa = PBXFileReference; lastKnownFileType = sourcecode.swift; path = BehaviorMissionRepository.swift; sourceTree = "<group>"; };
		96A1D4A62ACFE384003BC207 /* MissionStore.swift */ = {isa = PBXFileReference; lastKnownFileType = sourcecode.swift; path = MissionStore.swift; sourceTree = "<group>"; };
		96A1D4A92AD176B6003BC207 /* Injection+Key.swift */ = {isa = PBXFileReference; lastKnownFileType = sourcecode.swift; path = "Injection+Key.swift"; sourceTree = "<group>"; };
		96A1D4AB2AD17829003BC207 /* Midiator.swift */ = {isa = PBXFileReference; lastKnownFileType = sourcecode.swift; path = Midiator.swift; sourceTree = "<group>"; };
		96A1E4A82AD403BB001B2960 /* MissionType.swift */ = {isa = PBXFileReference; lastKnownFileType = sourcecode.swift; path = MissionType.swift; sourceTree = "<group>"; };
		96A1E4AA2AD4DD0A001B2960 /* FaildAlert.swift */ = {isa = PBXFileReference; lastKnownFileType = sourcecode.swift; path = FaildAlert.swift; sourceTree = "<group>"; };
		96A1E4AC2AD5277E001B2960 /* UserRepository.swift */ = {isa = PBXFileReference; lastKnownFileType = sourcecode.swift; path = UserRepository.swift; sourceTree = "<group>"; };
		96A1E4AE2AD527B4001B2960 /* UserObject.swift */ = {isa = PBXFileReference; lastKnownFileType = sourcecode.swift; path = UserObject.swift; sourceTree = "<group>"; };
		96A1E4B02AD52919001B2960 /* UserStore.swift */ = {isa = PBXFileReference; lastKnownFileType = sourcecode.swift; path = UserStore.swift; sourceTree = "<group>"; };
		96A1E4B32AD5384B001B2960 /* RealmError.swift */ = {isa = PBXFileReference; lastKnownFileType = sourcecode.swift; path = RealmError.swift; sourceTree = "<group>"; };
		96A1E4B52AD53866001B2960 /* PersistentedError.swift */ = {isa = PBXFileReference; lastKnownFileType = sourcecode.swift; path = PersistentedError.swift; sourceTree = "<group>"; };
		96C64FE22ADC2C450042204A /* CustomSheetView.swift */ = {isa = PBXFileReference; lastKnownFileType = sourcecode.swift; path = CustomSheetView.swift; sourceTree = "<group>"; };
		96C716DA2AC1614F00B4B8E0 /* RegisterView.swift */ = {isa = PBXFileReference; lastKnownFileType = sourcecode.swift; path = RegisterView.swift; sourceTree = "<group>"; };
		96CE29C22ADE63A40070EF92 /* PizzaObject.swift */ = {isa = PBXFileReference; lastKnownFileType = sourcecode.swift; path = PizzaObject.swift; sourceTree = "<group>"; };
		96CE29C42ADE66B50070EF92 /* PizzaRepository.swift */ = {isa = PBXFileReference; lastKnownFileType = sourcecode.swift; path = PizzaRepository.swift; sourceTree = "<group>"; };
		96CE29C62ADEC6560070EF92 /* PizzaStore.swift */ = {isa = PBXFileReference; lastKnownFileType = sourcecode.swift; path = PizzaStore.swift; sourceTree = "<group>"; };
		96CE29C82ADED0CA0070EF92 /* Collection.swift */ = {isa = PBXFileReference; lastKnownFileType = sourcecode.swift; path = Collection.swift; sourceTree = "<group>"; };
		96CF08E02AD9098300648B59 /* NanumSquareNeoOTF-Eb.otf */ = {isa = PBXFileReference; lastKnownFileType = file; path = "NanumSquareNeoOTF-Eb.otf"; sourceTree = "<group>"; };
		96CF08E12AD9098400648B59 /* NanumSquareNeoOTF-Bd.otf */ = {isa = PBXFileReference; lastKnownFileType = file; path = "NanumSquareNeoOTF-Bd.otf"; sourceTree = "<group>"; };
		96CF08E22AD9098400648B59 /* NanumSquareNeoOTF-Hv.otf */ = {isa = PBXFileReference; lastKnownFileType = file; path = "NanumSquareNeoOTF-Hv.otf"; sourceTree = "<group>"; };
		96CF08E32AD9098400648B59 /* NanumSquareNeoOTF-Lt.otf */ = {isa = PBXFileReference; lastKnownFileType = file; path = "NanumSquareNeoOTF-Lt.otf"; sourceTree = "<group>"; };
		96CF08E42AD9098400648B59 /* Chab.otf */ = {isa = PBXFileReference; lastKnownFileType = file; path = Chab.otf; sourceTree = "<group>"; };
		96CF08E52AD9098400648B59 /* NanumSquareNeoOTF-Rg.otf */ = {isa = PBXFileReference; lastKnownFileType = file; path = "NanumSquareNeoOTF-Rg.otf"; sourceTree = "<group>"; };
		96CF08ED2AD933A400648B59 /* DotCircleView.swift */ = {isa = PBXFileReference; lastKnownFileType = sourcecode.swift; path = DotCircleView.swift; sourceTree = "<group>"; };
		A0052FB32ACD48A3005B3263 /* TimerReportView.swift */ = {isa = PBXFileReference; lastKnownFileType = sourcecode.swift; path = TimerReportView.swift; sourceTree = "<group>"; };
		A072B9472AE0460E001C3DAF /* TimerViewModel.swift */ = {isa = PBXFileReference; lastKnownFileType = sourcecode.swift; path = TimerViewModel.swift; sourceTree = "<group>"; };
		A08EF5402AE265C900349A58 /* GiveupAlert.swift */ = {isa = PBXFileReference; lastKnownFileType = sourcecode.swift; path = GiveupAlert.swift; sourceTree = "<group>"; };
		B063F5CD2ADD02DB008EF304 /* HealthKitStore.swift */ = {isa = PBXFileReference; lastKnownFileType = sourcecode.swift; path = HealthKitStore.swift; sourceTree = "<group>"; };
		B0B5E6BB2ADA5A360096F677 /* Info.plist */ = {isa = PBXFileReference; lastKnownFileType = text.plist; path = Info.plist; sourceTree = "<group>"; };
		B0B5E6BC2ADA5B820096F677 /* Pickle.entitlements */ = {isa = PBXFileReference; lastKnownFileType = text.plist.entitlements; path = Pickle.entitlements; sourceTree = "<group>"; };
		B0C158D92AC1647D003B00E6 /* MissionStyleView.swift */ = {isa = PBXFileReference; lastKnownFileType = sourcecode.swift; path = MissionStyleView.swift; sourceTree = "<group>"; };
		B0C158DB2AC1759D003B00E6 /* MissionSettingView.swift */ = {isa = PBXFileReference; lastKnownFileType = sourcecode.swift; path = MissionSettingView.swift; sourceTree = "<group>"; };
		B0C74AE72ACFC7A100A14A8B /* RewardAlert.swift */ = {isa = PBXFileReference; lastKnownFileType = sourcecode.swift; path = RewardAlert.swift; sourceTree = "<group>"; };
		B729A2482AC3FEB2008FF7C5 /* TaskRowView.swift */ = {isa = PBXFileReference; lastKnownFileType = sourcecode.swift; path = TaskRowView.swift; sourceTree = "<group>"; };
		B7908DC02AE01BFC004C5221 /* PizzaSummaryView.swift */ = {isa = PBXFileReference; lastKnownFileType = sourcecode.swift; path = PizzaSummaryView.swift; sourceTree = "<group>"; };
		B7C1D0A42AD62EB9000420A9 /* MonthlyView.swift */ = {isa = PBXFileReference; lastKnownFileType = sourcecode.swift; path = MonthlyView.swift; sourceTree = "<group>"; };
		B7C341AC2AC167F800744EB7 /* CalendarSampleTask.swift */ = {isa = PBXFileReference; lastKnownFileType = sourcecode.swift; path = CalendarSampleTask.swift; sourceTree = "<group>"; };
		B7C341AE2AC1684400744EB7 /* CalendarViewModel.swift */ = {isa = PBXFileReference; lastKnownFileType = sourcecode.swift; path = CalendarViewModel.swift; sourceTree = "<group>"; };
		B7C341B22AC29CB900744EB7 /* OffsetKey.swift */ = {isa = PBXFileReference; lastKnownFileType = sourcecode.swift; path = OffsetKey.swift; sourceTree = "<group>"; };
		B7C341B42AC2CA7400744EB7 /* Date+Extensions.swift */ = {isa = PBXFileReference; fileEncoding = 4; lastKnownFileType = sourcecode.swift; name = "Date+Extensions.swift"; path = "Pickle/Extension/Date+Extensions.swift"; sourceTree = SOURCE_ROOT; };
/* End PBXFileReference section */

/* Begin PBXFrameworksBuildPhase section */
		2137D5722AC1459C00AFE225 /* Frameworks */ = {
			isa = PBXFrameworksBuildPhase;
			buildActionMask = 2147483647;
			files = (
				96BF92932AC27EAC00277131 /* RealmSwift in Frameworks */,
				96BF92912AC27EAC00277131 /* Realm in Frameworks */,
			);
			runOnlyForDeploymentPostprocessing = 0;
		};
		965C9B9C2ADAB2380015ABBE /* Frameworks */ = {
			isa = PBXFrameworksBuildPhase;
			buildActionMask = 2147483647;
			files = (
			);
			runOnlyForDeploymentPostprocessing = 0;
		};
/* End PBXFrameworksBuildPhase section */

/* Begin PBXGroup section */
		2137D56C2AC1459C00AFE225 = {
			isa = PBXGroup;
			children = (
				2137D5872AC1460F00AFE225 /* .swiftlint.yml */,
				2137D5772AC1459C00AFE225 /* Pickle */,
				965C9BA02ADAB2380015ABBE /* PickleTests */,
				2137D5762AC1459C00AFE225 /* Products */,
			);
			sourceTree = "<group>";
			usesTabs = 0;
		};
		2137D5762AC1459C00AFE225 /* Products */ = {
			isa = PBXGroup;
			children = (
				2137D5752AC1459C00AFE225 /* Pickle.app */,
				965C9B9F2ADAB2380015ABBE /* PickleTests.xctest */,
			);
			name = Products;
			sourceTree = "<group>";
		};
		2137D5772AC1459C00AFE225 /* Pickle */ = {
			isa = PBXGroup;
			children = (
				B0B5E6BC2ADA5B820096F677 /* Pickle.entitlements */,
				B0B5E6BB2ADA5A360096F677 /* Info.plist */,
				21FA26752AC2A05E00877122 /* Global */,
				2137D59D2AC149A200AFE225 /* Data */,
				2137D58B2AC1474500AFE225 /* Screen */,
				2137D57C2AC1459D00AFE225 /* Assets.xcassets */,
				2137D57E2AC1459D00AFE225 /* Preview Content */,
			);
			path = Pickle;
			sourceTree = "<group>";
		};
		2137D57E2AC1459D00AFE225 /* Preview Content */ = {
			isa = PBXGroup;
			children = (
				2137D57F2AC1459D00AFE225 /* Preview Assets.xcassets */,
			);
			path = "Preview Content";
			sourceTree = "<group>";
		};
		2137D58B2AC1474500AFE225 /* Screen */ = {
			isa = PBXGroup;
			children = (
				2137D5962AC1485900AFE225 /* ViewModel */,
				2137D5AE2AC14F5900AFE225 /* App */,
				2137D5972AC148CE00AFE225 /* Home */,
				960C41972ACE7A08009A0093 /* Add */,
				2137D5982AC148E200AFE225 /* Calendar */,
				B7908DBF2AE01A6B004C5221 /* PizzaSummary */,
				2137D59A2AC1490500AFE225 /* Setting */,
			);
			path = Screen;
			sourceTree = "<group>";
		};
		2137D5962AC1485900AFE225 /* ViewModel */ = {
			isa = PBXGroup;
			children = (
				960C419C2ACE8276009A0093 /* TodoStore.swift */,
				96A1E4B02AD52919001B2960 /* UserStore.swift */,
				96CE29C62ADEC6560070EF92 /* PizzaStore.swift */,
				96A1D4A62ACFE384003BC207 /* MissionStore.swift */,
				96A1E4A82AD403BB001B2960 /* MissionType.swift */,
				21E711882AD48A01002B8069 /* NotificationManager.swift */,
				B063F5CD2ADD02DB008EF304 /* HealthKitStore.swift */,
				A072B9472AE0460E001C3DAF /* TimerViewModel.swift */,
			);
			path = ViewModel;
			sourceTree = "<group>";
		};
		2137D5972AC148CE00AFE225 /* Home */ = {
			isa = PBXGroup;
			children = (
				96C872CA2AE0BDA2007BD155 /* HomeView */,
				96C872CB2AE0BDB2007BD155 /* TimerView */,
				96C872C92AE0BD85007BD155 /* MissionView */,
			);
			path = Home;
			sourceTree = "<group>";
		};
		2137D5982AC148E200AFE225 /* Calendar */ = {
			isa = PBXGroup;
			children = (
				2137D5922AC1478C00AFE225 /* CalendarView.swift */,
				B7C341B22AC29CB900744EB7 /* OffsetKey.swift */,
				B7C1D0A42AD62EB9000420A9 /* MonthlyView.swift */,
				B729A2482AC3FEB2008FF7C5 /* TaskRowView.swift */,
				B7C341AC2AC167F800744EB7 /* CalendarSampleTask.swift */,
				B7C341AE2AC1684400744EB7 /* CalendarViewModel.swift */,
			);
			path = Calendar;
			sourceTree = "<group>";
		};
		2137D59A2AC1490500AFE225 /* Setting */ = {
			isa = PBXGroup;
			children = (
				2137D5942AC1479700AFE225 /* SettingView.swift */,
				21E7118A2AD48DE9002B8069 /* SetNotiView.swift */,
			);
			path = Setting;
			sourceTree = "<group>";
		};
		2137D59D2AC149A200AFE225 /* Data */ = {
			isa = PBXGroup;
			children = (
				960C41822ACDA41C009A0093 /* Repository */,
				21FA26732AC29F7D00877122 /* Service */,
				21FA26742AC29F9F00877122 /* Model */,
				96635F5A2ADF9ECF0072F21E /* Extension */,
			);
			path = Data;
			sourceTree = "<group>";
		};
		2137D5A22AC14C1800AFE225 /* Extension */ = {
			isa = PBXGroup;
			children = (
				2137D5A32AC14C6A00AFE225 /* CGFloat.swift */,
				2137D5A52AC14C7500AFE225 /* Color.swift */,
				2137D5A72AC14C7A00AFE225 /* Font.swift */,
				B7C341B42AC2CA7400744EB7 /* Date+Extensions.swift */,
				96CE29C82ADED0CA0070EF92 /* Collection.swift */,
				960C41852ACE390A009A0093 /* URL.swift */,
				2137D5A92AC14EA500AFE225 /* View.swift */,
			);
			path = Extension;
			sourceTree = "<group>";
		};
		2137D5AB2AC14EE800AFE225 /* Common */ = {
			isa = PBXGroup;
			children = (
				965C9BE92ADB06250015ABBE /* Alert */,
				965C9BE82ADB06110015ABBE /* Modifier */,
			);
			path = Common;
			sourceTree = "<group>";
		};
		2137D5AE2AC14F5900AFE225 /* App */ = {
			isa = PBXGroup;
			children = (
				2137D5782AC1459C00AFE225 /* PickleApp.swift */,
				2137D57A2AC1459C00AFE225 /* ContentView.swift */,
				2160F9762AE2B98900FC9469 /* LaunchScreen.storyboard */,
			);
			path = App;
			sourceTree = "<group>";
		};
		21FA26732AC29F7D00877122 /* Service */ = {
			isa = PBXGroup;
			children = (
				963AFF8E2AC3319D00835FD8 /* Migrator.swift */,
			);
			path = Service;
			sourceTree = "<group>";
		};
		21FA26742AC29F9F00877122 /* Model */ = {
			isa = PBXGroup;
			children = (
				96635F682ADFA49B0072F21E /* Protocol */,
				96635F6B2ADFA4AF0072F21E /* Model */,
			);
			path = Model;
			sourceTree = "<group>";
		};
		21FA26752AC2A05E00877122 /* Global */ = {
			isa = PBXGroup;
			children = (
				96A1D4A82AD176AD003BC207 /* Key */,
				960C419E2ACEEFC9009A0093 /* Injected */,
				960C41982ACE7AF4009A0093 /* Util */,
				2137D5AB2AC14EE800AFE225 /* Common */,
				2137D5A22AC14C1800AFE225 /* Extension */,
				96CF08DF2AD9096B00648B59 /* font */,
			);
			path = Global;
			sourceTree = "<group>";
		};
		960C41822ACDA41C009A0093 /* Repository */ = {
			isa = PBXGroup;
			children = (
				960C41872ACE3922009A0093 /* Protocol */,
				963AFF902AC339ED00835FD8 /* Realm */,
				960C41882ACE392A009A0093 /* Repositories */,
			);
			path = Repository;
			sourceTree = "<group>";
		};
		960C41872ACE3922009A0093 /* Protocol */ = {
			isa = PBXGroup;
			children = (
				960C41892ACE3945009A0093 /* DBStore.swift */,
				960C41A72ACEFD6C009A0093 /* MappableProtocol.swift */,
			);
			path = Protocol;
			sourceTree = "<group>";
		};
		960C41882ACE392A009A0093 /* Repositories */ = {
			isa = PBXGroup;
			children = (
				960C41832ACDA42B009A0093 /* BaseRepository.swift */,
				960C418D2ACE3FCA009A0093 /* TodoRepository.swift */,
				96A1E4AC2AD5277E001B2960 /* UserRepository.swift */,
				96CE29C42ADE66B50070EF92 /* PizzaRepository.swift */,
				960C41952ACE4396009A0093 /* TimeMissionRepository.swift */,
				96A1D4A22ACFD97A003BC207 /* BehaviorMissionRepository.swift */,
				96A1D4AB2AD17829003BC207 /* Midiator.swift */,
				960C41A52ACEF4F1009A0093 /* Repository+Extension.swift */,
			);
			path = Repositories;
			sourceTree = "<group>";
		};
		960C418F2ACE4068009A0093 /* Store */ = {
			isa = PBXGroup;
			children = (
				960C418B2ACE3969009A0093 /* RealmStore.swift */,
			);
			path = Store;
			sourceTree = "<group>";
		};
		960C41902ACE41CB009A0093 /* Object */ = {
			isa = PBXGroup;
			children = (
				96A1E4AE2AD527B4001B2960 /* UserObject.swift */,
				96CE29C22ADE63A40070EF92 /* PizzaObject.swift */,
				963AFF912AC33A1800835FD8 /* TodoObject.swift */,
				963AFF932AC33EAF00835FD8 /* MissionObject.swift */,
				960C41932ACE4236009A0093 /* BehaviorMissionObject.swift */,
				960C41912ACE41E1009A0093 /* Object+Extensions.swift */,
			);
			path = Object;
			sourceTree = "<group>";
		};
		960C41972ACE7A08009A0093 /* Add */ = {
			isa = PBXGroup;
			children = (
				96C716DA2AC1614F00B4B8E0 /* RegisterView.swift */,
			);
			path = Add;
			sourceTree = "<group>";
		};
		960C41982ACE7AF4009A0093 /* Util */ = {
			isa = PBXGroup;
			children = (
				960C41992ACE7AF9009A0093 /* Log.swift */,
			);
			path = Util;
			sourceTree = "<group>";
		};
		960C419E2ACEEFC9009A0093 /* Injected */ = {
			isa = PBXGroup;
			children = (
				960C41A32ACEF253009A0093 /* Injected+Wrapper.swift */,
				960C41A12ACEF0FA009A0093 /* DependencyType.swift */,
				960C419F2ACEF0DA009A0093 /* DependencyContainer.swift */,
			);
			path = Injected;
			sourceTree = "<group>";
		};
		963AFF902AC339ED00835FD8 /* Realm */ = {
			isa = PBXGroup;
			children = (
				96A1E4B22AD53837001B2960 /* Type */,
				960C418F2ACE4068009A0093 /* Store */,
				960C41902ACE41CB009A0093 /* Object */,
			);
			path = Realm;
			sourceTree = "<group>";
		};
		965C9BA02ADAB2380015ABBE /* PickleTests */ = {
			isa = PBXGroup;
			children = (
				965C9BA12ADAB2380015ABBE /* PickleTests.swift */,
			);
			path = PickleTests;
			sourceTree = "<group>";
		};
		965C9BE82ADB06110015ABBE /* Modifier */ = {
			isa = PBXGroup;
			children = (
				2137D5AC2AC14F1100AFE225 /* NavigationBar.swift */,
				961296952AC16FBE009A9815 /* BackColorModifier.swift */,
				96943B252ADFFDED0026D54F /* BackgroundModifier.swift */,
				961296972AC17120009A9815 /* TextFieldModifier.swift */,
				960C417E2ACD41CD009A0093 /* CornerButtonModifier.swift */,
				2113158F2AE1602500FA6492 /* PrimaryButtonModifier.swift */,
			);
			path = Modifier;
			sourceTree = "<group>";
		};
		965C9BE92ADB06250015ABBE /* Alert */ = {
			isa = PBXGroup;
			children = (
				96A1E4AA2AD4DD0A001B2960 /* FaildAlert.swift */,
				965C9BEA2ADBAF7E0015ABBE /* PizzaAlert.swift */,
				B0C74AE72ACFC7A100A14A8B /* RewardAlert.swift */,
				A08EF5402AE265C900349A58 /* GiveupAlert.swift */,
			);
			path = Alert;
			sourceTree = "<group>";
		};
		96635F5A2ADF9ECF0072F21E /* Extension */ = {
			isa = PBXGroup;
			children = (
				96635F5B2ADF9EE60072F21E /* Todo-extension.swift */,
				96635F5D2ADF9EEF0072F21E /* TimeMission-extension.swift */,
				96635F662ADFA0960072F21E /* BehaviorMission-extension.swift */,
				96635F5F2ADF9EF50072F21E /* User-extension.swift */,
				96635F612ADF9EFC0072F21E /* Pizza-extension.swift */,
			);
			path = Extension;
			sourceTree = "<group>";
		};
		96635F682ADFA49B0072F21E /* Protocol */ = {
			isa = PBXGroup;
			children = (
				96635F692ADFA4A70072F21E /* KeyPathEditable.swift */,
			);
			path = Protocol;
			sourceTree = "<group>";
		};
		96635F6B2ADFA4AF0072F21E /* Model */ = {
			isa = PBXGroup;
			children = (
				96635F642ADF9F380072F21E /* Status.swift */,
				21FA26762AC2A10800877122 /* Todo.swift */,
				21FA267A2AC2ADFB00877122 /* Mission.swift */,
				21FA267C2AC2B50D00877122 /* User.swift */,
				21FA267E2AC2BB3800877122 /* Pizza.swift */,
				21E7118E2AD53862002B8069 /* LocalNotification.swift */,
			);
			path = Model;
			sourceTree = "<group>";
		};
		96A1D4A82AD176AD003BC207 /* Key */ = {
			isa = PBXGroup;
			children = (
				96A1D4A92AD176B6003BC207 /* Injection+Key.swift */,
			);
			path = Key;
			sourceTree = "<group>";
		};
		96A1E4B22AD53837001B2960 /* Type */ = {
			isa = PBXGroup;
			children = (
				96A1E4B32AD5384B001B2960 /* RealmError.swift */,
				96A1E4B52AD53866001B2960 /* PersistentedError.swift */,
			);
			path = Type;
			sourceTree = "<group>";
		};
		96C872C92AE0BD85007BD155 /* MissionView */ = {
			isa = PBXGroup;
			children = (
				2137D5902AC1476700AFE225 /* MissionView.swift */,
				B0C158D92AC1647D003B00E6 /* MissionStyleView.swift */,
				B0C158DB2AC1759D003B00E6 /* MissionSettingView.swift */,
			);
			path = MissionView;
			sourceTree = "<group>";
		};
		96C872CA2AE0BDA2007BD155 /* HomeView */ = {
			isa = PBXGroup;
			children = (
				2137D5892AC1473C00AFE225 /* HomeView.swift */,
				96C64FE22ADC2C450042204A /* CustomSheetView.swift */,
				965C9B992ADA866E0015ABBE /* PizzaSelectedView.swift */,
				21CD68752AD31FC2006DAB62 /* PizzaView.swift */,
				2137D58C2AC1475800AFE225 /* AddTodoView.swift */,
				2137D5AF2AC176DB00AFE225 /* TodoCellView.swift */,
				96CF08ED2AD933A400648B59 /* DotCircleView.swift */,
			);
			path = HomeView;
			sourceTree = "<group>";
		};
		96C872CB2AE0BDB2007BD155 /* TimerView */ = {
			isa = PBXGroup;
			children = (
				2137D58E2AC1476000AFE225 /* TimerView.swift */,
				A0052FB32ACD48A3005B3263 /* TimerReportView.swift */,
			);
			path = TimerView;
			sourceTree = "<group>";
		};
		96CF08DF2AD9096B00648B59 /* font */ = {
			isa = PBXGroup;
			children = (
				96CF08E42AD9098400648B59 /* Chab.otf */,
				96CF08E12AD9098400648B59 /* NanumSquareNeoOTF-Bd.otf */,
				96CF08E02AD9098300648B59 /* NanumSquareNeoOTF-Eb.otf */,
				96CF08E22AD9098400648B59 /* NanumSquareNeoOTF-Hv.otf */,
				96CF08E32AD9098400648B59 /* NanumSquareNeoOTF-Lt.otf */,
				96CF08E52AD9098400648B59 /* NanumSquareNeoOTF-Rg.otf */,
			);
			path = font;
			sourceTree = "<group>";
		};
		B7908DBF2AE01A6B004C5221 /* PizzaSummary */ = {
			isa = PBXGroup;
			children = (
				B7908DC02AE01BFC004C5221 /* PizzaSummaryView.swift */,
			);
			path = PizzaSummary;
			sourceTree = "<group>";
		};
/* End PBXGroup section */

/* Begin PBXNativeTarget section */
		2137D5742AC1459C00AFE225 /* Pickle */ = {
			isa = PBXNativeTarget;
			buildConfigurationList = 2137D5832AC1459D00AFE225 /* Build configuration list for PBXNativeTarget "Pickle" */;
			buildPhases = (
				2137D5862AC145C500AFE225 /* SwiftLint Script */,
				2137D5712AC1459C00AFE225 /* Sources */,
				2137D5722AC1459C00AFE225 /* Frameworks */,
				2137D5732AC1459C00AFE225 /* Resources */,
			);
			buildRules = (
			);
			dependencies = (
			);
			name = Pickle;
			packageProductDependencies = (
				96BF92902AC27EAC00277131 /* Realm */,
				96BF92922AC27EAC00277131 /* RealmSwift */,
			);
			productName = Pickle;
			productReference = 2137D5752AC1459C00AFE225 /* Pickle.app */;
			productType = "com.apple.product-type.application";
		};
		965C9B9E2ADAB2380015ABBE /* PickleTests */ = {
			isa = PBXNativeTarget;
			buildConfigurationList = 965C9BA52ADAB2380015ABBE /* Build configuration list for PBXNativeTarget "PickleTests" */;
			buildPhases = (
				965C9B9B2ADAB2380015ABBE /* Sources */,
				965C9B9C2ADAB2380015ABBE /* Frameworks */,
				965C9B9D2ADAB2380015ABBE /* Resources */,
			);
			buildRules = (
			);
			dependencies = (
				965C9BA42ADAB2380015ABBE /* PBXTargetDependency */,
			);
			name = PickleTests;
			productName = PickleTests;
			productReference = 965C9B9F2ADAB2380015ABBE /* PickleTests.xctest */;
			productType = "com.apple.product-type.bundle.unit-test";
		};
/* End PBXNativeTarget section */

/* Begin PBXProject section */
		2137D56D2AC1459C00AFE225 /* Project object */ = {
			isa = PBXProject;
			attributes = {
				BuildIndependentTargetsInParallel = 1;
				LastSwiftUpdateCheck = 1500;
				LastUpgradeCheck = 1500;
				TargetAttributes = {
					2137D5742AC1459C00AFE225 = {
						CreatedOnToolsVersion = 14.3.1;
					};
					965C9B9E2ADAB2380015ABBE = {
						CreatedOnToolsVersion = 15.0;
						TestTargetID = 2137D5742AC1459C00AFE225;
					};
				};
			};
			buildConfigurationList = 2137D5702AC1459C00AFE225 /* Build configuration list for PBXProject "Pickle" */;
			compatibilityVersion = "Xcode 14.0";
			developmentRegion = en;
			hasScannedForEncodings = 0;
			knownRegions = (
				en,
				Base,
			);
			mainGroup = 2137D56C2AC1459C00AFE225;
			packageReferences = (
				96BF928F2AC27EAC00277131 /* XCRemoteSwiftPackageReference "realm-swift" */,
			);
			productRefGroup = 2137D5762AC1459C00AFE225 /* Products */;
			projectDirPath = "";
			projectRoot = "";
			targets = (
				2137D5742AC1459C00AFE225 /* Pickle */,
				965C9B9E2ADAB2380015ABBE /* PickleTests */,
			);
		};
/* End PBXProject section */

/* Begin PBXResourcesBuildPhase section */
		2137D5732AC1459C00AFE225 /* Resources */ = {
			isa = PBXResourcesBuildPhase;
			buildActionMask = 2147483647;
			files = (
				2137D5882AC1460F00AFE225 /* .swiftlint.yml in Resources */,
				2137D5802AC1459D00AFE225 /* Preview Assets.xcassets in Resources */,
				96CF08E62AD9098400648B59 /* NanumSquareNeoOTF-Eb.otf in Resources */,
				2160F9772AE2B98900FC9469 /* LaunchScreen.storyboard in Resources */,
				96CF08E92AD9098400648B59 /* NanumSquareNeoOTF-Lt.otf in Resources */,
				96CF08E82AD9098400648B59 /* NanumSquareNeoOTF-Hv.otf in Resources */,
				96CF08EA2AD9098400648B59 /* Chab.otf in Resources */,
				96CF08EB2AD9098400648B59 /* NanumSquareNeoOTF-Rg.otf in Resources */,
				96CF08E72AD9098400648B59 /* NanumSquareNeoOTF-Bd.otf in Resources */,
				2137D57D2AC1459D00AFE225 /* Assets.xcassets in Resources */,
			);
			runOnlyForDeploymentPostprocessing = 0;
		};
		965C9B9D2ADAB2380015ABBE /* Resources */ = {
			isa = PBXResourcesBuildPhase;
			buildActionMask = 2147483647;
			files = (
			);
			runOnlyForDeploymentPostprocessing = 0;
		};
/* End PBXResourcesBuildPhase section */

/* Begin PBXShellScriptBuildPhase section */
		2137D5862AC145C500AFE225 /* SwiftLint Script */ = {
			isa = PBXShellScriptBuildPhase;
			alwaysOutOfDate = 1;
			buildActionMask = 2147483647;
			files = (
			);
			inputFileListPaths = (
			);
			inputPaths = (
			);
			name = "SwiftLint Script";
			outputFileListPaths = (
			);
			outputPaths = (
			);
			runOnlyForDeploymentPostprocessing = 0;
			shellPath = /bin/sh;
			shellScript = "if test -d \"/opt/homebrew/bin/\"; then\n  PATH=\"/opt/homebrew/bin/:${PATH}\"\nfi\n\nexport PATH\n\nif which swiftlint >/dev/null; then\n  swiftlint\nelse\n  echo \"warning: SwiftLint not installed, download from https://github.com/realm/SwiftLint\"\nfi\n";
		};
/* End PBXShellScriptBuildPhase section */

/* Begin PBXSourcesBuildPhase section */
		2137D5712AC1459C00AFE225 /* Sources */ = {
			isa = PBXSourcesBuildPhase;
			buildActionMask = 2147483647;
			files = (
				B0C74AE82ACFC7A100A14A8B /* RewardAlert.swift in Sources */,
				965C9BEB2ADBAF7E0015ABBE /* PizzaAlert.swift in Sources */,
				21FA267F2AC2BB3800877122 /* Pizza.swift in Sources */,
				960C418E2ACE3FCA009A0093 /* TodoRepository.swift in Sources */,
				96635F622ADF9EFC0072F21E /* Pizza-extension.swift in Sources */,
				960C419A2ACE7AF9009A0093 /* Log.swift in Sources */,
				960C41A82ACEFD6C009A0093 /* MappableProtocol.swift in Sources */,
				963AFF942AC33EAF00835FD8 /* MissionObject.swift in Sources */,
				963AFF8F2AC3319D00835FD8 /* Migrator.swift in Sources */,
				960C41842ACDA42B009A0093 /* BaseRepository.swift in Sources */,
				B7C1D0A52AD62EB9000420A9 /* MonthlyView.swift in Sources */,
				B0C158DA2AC1647D003B00E6 /* MissionStyleView.swift in Sources */,
				21E7118B2AD48DE9002B8069 /* SetNotiView.swift in Sources */,
				960C41922ACE41E1009A0093 /* Object+Extensions.swift in Sources */,
				2137D58F2AC1476000AFE225 /* TimerView.swift in Sources */,
				96CF08EE2AD933A400648B59 /* DotCircleView.swift in Sources */,
				96635F652ADF9F380072F21E /* Status.swift in Sources */,
				B7C341B32AC29CB900744EB7 /* OffsetKey.swift in Sources */,
				B7C341AD2AC167F800744EB7 /* CalendarSampleTask.swift in Sources */,
				96A1E4AF2AD527B4001B2960 /* UserObject.swift in Sources */,
				96635F5E2ADF9EEF0072F21E /* TimeMission-extension.swift in Sources */,
				2137D5932AC1478C00AFE225 /* CalendarView.swift in Sources */,
				96635F672ADFA0960072F21E /* BehaviorMission-extension.swift in Sources */,
				2137D5A42AC14C6A00AFE225 /* CGFloat.swift in Sources */,
				B7908DC12AE01BFC004C5221 /* PizzaSummaryView.swift in Sources */,
				21FA267D2AC2B50D00877122 /* User.swift in Sources */,
				2137D58A2AC1473C00AFE225 /* HomeView.swift in Sources */,
				2137D5AD2AC14F1100AFE225 /* NavigationBar.swift in Sources */,
				960C41A02ACEF0DA009A0093 /* DependencyContainer.swift in Sources */,
				961296982AC17120009A9815 /* TextFieldModifier.swift in Sources */,
				21FA267B2AC2ADFB00877122 /* Mission.swift in Sources */,
				B063F5CE2ADD02DB008EF304 /* HealthKitStore.swift in Sources */,
				B729A2492AC3FEB2008FF7C5 /* TaskRowView.swift in Sources */,
				96943B262ADFFDED0026D54F /* BackgroundModifier.swift in Sources */,
				2137D5A62AC14C7500AFE225 /* Color.swift in Sources */,
				211315902AE1602500FA6492 /* PrimaryButtonModifier.swift in Sources */,
				2137D57B2AC1459C00AFE225 /* ContentView.swift in Sources */,
				B7C341AF2AC1684400744EB7 /* CalendarViewModel.swift in Sources */,
				96A1D4A32ACFD97A003BC207 /* BehaviorMissionRepository.swift in Sources */,
				2137D5A82AC14C7A00AFE225 /* Font.swift in Sources */,
				A0052FB42ACD48A3005B3263 /* TimerReportView.swift in Sources */,
				2137D58D2AC1475800AFE225 /* AddTodoView.swift in Sources */,
				96A1E4B12AD52919001B2960 /* UserStore.swift in Sources */,
				965C9B9A2ADA866E0015ABBE /* PizzaSelectedView.swift in Sources */,
				960C41A62ACEF4F1009A0093 /* Repository+Extension.swift in Sources */,
				B0C158DC2AC1759D003B00E6 /* MissionSettingView.swift in Sources */,
				A08EF5412AE265C900349A58 /* GiveupAlert.swift in Sources */,
				960C419D2ACE8276009A0093 /* TodoStore.swift in Sources */,
				960C418C2ACE3969009A0093 /* RealmStore.swift in Sources */,
				96A1E4AB2AD4DD0A001B2960 /* FaildAlert.swift in Sources */,
				960C41862ACE390A009A0093 /* URL.swift in Sources */,
				96C64FE32ADC2C450042204A /* CustomSheetView.swift in Sources */,
				96A1E4AD2AD5277E001B2960 /* UserRepository.swift in Sources */,
				960C418A2ACE3945009A0093 /* DBStore.swift in Sources */,
				2137D5952AC1479700AFE225 /* SettingView.swift in Sources */,
				2137D5792AC1459C00AFE225 /* PickleApp.swift in Sources */,
				963AFF922AC33A1800835FD8 /* TodoObject.swift in Sources */,
				96CE29C92ADED0CA0070EF92 /* Collection.swift in Sources */,
				96A1D4AC2AD17829003BC207 /* Midiator.swift in Sources */,
				960C417F2ACD41CD009A0093 /* CornerButtonModifier.swift in Sources */,
				A072B9482AE0460E001C3DAF /* TimerViewModel.swift in Sources */,
				B7C341B52AC2CA7400744EB7 /* Date+Extensions.swift in Sources */,
				961296962AC16FBE009A9815 /* BackColorModifier.swift in Sources */,
				21FA26772AC2A10800877122 /* Todo.swift in Sources */,
				96A1D4AA2AD176B6003BC207 /* Injection+Key.swift in Sources */,
				96CE29C32ADE63A40070EF92 /* PizzaObject.swift in Sources */,
				96C716DB2AC1614F00B4B8E0 /* RegisterView.swift in Sources */,
				960C41962ACE4396009A0093 /* TimeMissionRepository.swift in Sources */,
				21E7118F2AD53862002B8069 /* LocalNotification.swift in Sources */,
				960C41942ACE4236009A0093 /* BehaviorMissionObject.swift in Sources */,
				96A1E4B62AD53866001B2960 /* PersistentedError.swift in Sources */,
				96A1D4A72ACFE384003BC207 /* MissionStore.swift in Sources */,
				96CE29C52ADE66B50070EF92 /* PizzaRepository.swift in Sources */,
				2137D5AA2AC14EA500AFE225 /* View.swift in Sources */,
				2137D5B02AC176DB00AFE225 /* TodoCellView.swift in Sources */,
				2137D5912AC1476700AFE225 /* MissionView.swift in Sources */,
				96635F5C2ADF9EE60072F21E /* Todo-extension.swift in Sources */,
				21E711892AD48A01002B8069 /* NotificationManager.swift in Sources */,
				96CE29C72ADEC6560070EF92 /* PizzaStore.swift in Sources */,
				960C41A42ACEF253009A0093 /* Injected+Wrapper.swift in Sources */,
				21CD68762AD31FC2006DAB62 /* PizzaView.swift in Sources */,
				960C41A22ACEF0FA009A0093 /* DependencyType.swift in Sources */,
				96A1E4A92AD403BB001B2960 /* MissionType.swift in Sources */,
				96635F6A2ADFA4A70072F21E /* KeyPathEditable.swift in Sources */,
				96635F602ADF9EF50072F21E /* User-extension.swift in Sources */,
				96A1E4B42AD5384B001B2960 /* RealmError.swift in Sources */,
			);
			runOnlyForDeploymentPostprocessing = 0;
		};
		965C9B9B2ADAB2380015ABBE /* Sources */ = {
			isa = PBXSourcesBuildPhase;
			buildActionMask = 2147483647;
			files = (
				965C9BA22ADAB2380015ABBE /* PickleTests.swift in Sources */,
			);
			runOnlyForDeploymentPostprocessing = 0;
		};
/* End PBXSourcesBuildPhase section */

/* Begin PBXTargetDependency section */
		965C9BA42ADAB2380015ABBE /* PBXTargetDependency */ = {
			isa = PBXTargetDependency;
			target = 2137D5742AC1459C00AFE225 /* Pickle */;
			targetProxy = 965C9BA32ADAB2380015ABBE /* PBXContainerItemProxy */;
		};
/* End PBXTargetDependency section */

/* Begin XCBuildConfiguration section */
		2137D5812AC1459D00AFE225 /* Debug */ = {
			isa = XCBuildConfiguration;
			buildSettings = {
				ALWAYS_SEARCH_USER_PATHS = NO;
				CLANG_ANALYZER_NONNULL = YES;
				CLANG_ANALYZER_NUMBER_OBJECT_CONVERSION = YES_AGGRESSIVE;
				CLANG_CXX_LANGUAGE_STANDARD = "gnu++20";
				CLANG_ENABLE_MODULES = YES;
				CLANG_ENABLE_OBJC_ARC = YES;
				CLANG_ENABLE_OBJC_WEAK = YES;
				CLANG_WARN_BLOCK_CAPTURE_AUTORELEASING = YES;
				CLANG_WARN_BOOL_CONVERSION = YES;
				CLANG_WARN_COMMA = YES;
				CLANG_WARN_CONSTANT_CONVERSION = YES;
				CLANG_WARN_DEPRECATED_OBJC_IMPLEMENTATIONS = YES;
				CLANG_WARN_DIRECT_OBJC_ISA_USAGE = YES_ERROR;
				CLANG_WARN_DOCUMENTATION_COMMENTS = YES;
				CLANG_WARN_EMPTY_BODY = YES;
				CLANG_WARN_ENUM_CONVERSION = YES;
				CLANG_WARN_INFINITE_RECURSION = YES;
				CLANG_WARN_INT_CONVERSION = YES;
				CLANG_WARN_NON_LITERAL_NULL_CONVERSION = YES;
				CLANG_WARN_OBJC_IMPLICIT_RETAIN_SELF = YES;
				CLANG_WARN_OBJC_LITERAL_CONVERSION = YES;
				CLANG_WARN_OBJC_ROOT_CLASS = YES_ERROR;
				CLANG_WARN_QUOTED_INCLUDE_IN_FRAMEWORK_HEADER = YES;
				CLANG_WARN_RANGE_LOOP_ANALYSIS = YES;
				CLANG_WARN_STRICT_PROTOTYPES = YES;
				CLANG_WARN_SUSPICIOUS_MOVE = YES;
				CLANG_WARN_UNGUARDED_AVAILABILITY = YES_AGGRESSIVE;
				CLANG_WARN_UNREACHABLE_CODE = YES;
				CLANG_WARN__DUPLICATE_METHOD_MATCH = YES;
				COPY_PHASE_STRIP = NO;
				DEBUG_INFORMATION_FORMAT = dwarf;
				ENABLE_STRICT_OBJC_MSGSEND = YES;
				ENABLE_TESTABILITY = YES;
				ENABLE_USER_SCRIPT_SANDBOXING = NO;
				GCC_C_LANGUAGE_STANDARD = gnu11;
				GCC_DYNAMIC_NO_PIC = NO;
				GCC_NO_COMMON_BLOCKS = YES;
				GCC_OPTIMIZATION_LEVEL = 0;
				GCC_PREPROCESSOR_DEFINITIONS = (
					"DEBUG=1",
					"$(inherited)",
				);
				GCC_WARN_64_TO_32_BIT_CONVERSION = YES;
				GCC_WARN_ABOUT_RETURN_TYPE = YES_ERROR;
				GCC_WARN_UNDECLARED_SELECTOR = YES;
				GCC_WARN_UNINITIALIZED_AUTOS = YES_AGGRESSIVE;
				GCC_WARN_UNUSED_FUNCTION = YES;
				GCC_WARN_UNUSED_VARIABLE = YES;
				IPHONEOS_DEPLOYMENT_TARGET = 16.0;
				MTL_ENABLE_DEBUG_INFO = INCLUDE_SOURCE;
				MTL_FAST_MATH = YES;
				ONLY_ACTIVE_ARCH = YES;
				SDKROOT = iphoneos;
				SWIFT_ACTIVE_COMPILATION_CONDITIONS = DEBUG;
				SWIFT_OPTIMIZATION_LEVEL = "-Onone";
			};
			name = Debug;
		};
		2137D5822AC1459D00AFE225 /* Release */ = {
			isa = XCBuildConfiguration;
			buildSettings = {
				ALWAYS_SEARCH_USER_PATHS = NO;
				CLANG_ANALYZER_NONNULL = YES;
				CLANG_ANALYZER_NUMBER_OBJECT_CONVERSION = YES_AGGRESSIVE;
				CLANG_CXX_LANGUAGE_STANDARD = "gnu++20";
				CLANG_ENABLE_MODULES = YES;
				CLANG_ENABLE_OBJC_ARC = YES;
				CLANG_ENABLE_OBJC_WEAK = YES;
				CLANG_WARN_BLOCK_CAPTURE_AUTORELEASING = YES;
				CLANG_WARN_BOOL_CONVERSION = YES;
				CLANG_WARN_COMMA = YES;
				CLANG_WARN_CONSTANT_CONVERSION = YES;
				CLANG_WARN_DEPRECATED_OBJC_IMPLEMENTATIONS = YES;
				CLANG_WARN_DIRECT_OBJC_ISA_USAGE = YES_ERROR;
				CLANG_WARN_DOCUMENTATION_COMMENTS = YES;
				CLANG_WARN_EMPTY_BODY = YES;
				CLANG_WARN_ENUM_CONVERSION = YES;
				CLANG_WARN_INFINITE_RECURSION = YES;
				CLANG_WARN_INT_CONVERSION = YES;
				CLANG_WARN_NON_LITERAL_NULL_CONVERSION = YES;
				CLANG_WARN_OBJC_IMPLICIT_RETAIN_SELF = YES;
				CLANG_WARN_OBJC_LITERAL_CONVERSION = YES;
				CLANG_WARN_OBJC_ROOT_CLASS = YES_ERROR;
				CLANG_WARN_QUOTED_INCLUDE_IN_FRAMEWORK_HEADER = YES;
				CLANG_WARN_RANGE_LOOP_ANALYSIS = YES;
				CLANG_WARN_STRICT_PROTOTYPES = YES;
				CLANG_WARN_SUSPICIOUS_MOVE = YES;
				CLANG_WARN_UNGUARDED_AVAILABILITY = YES_AGGRESSIVE;
				CLANG_WARN_UNREACHABLE_CODE = YES;
				CLANG_WARN__DUPLICATE_METHOD_MATCH = YES;
				COPY_PHASE_STRIP = NO;
				DEBUG_INFORMATION_FORMAT = "dwarf-with-dsym";
				ENABLE_NS_ASSERTIONS = NO;
				ENABLE_STRICT_OBJC_MSGSEND = YES;
				ENABLE_USER_SCRIPT_SANDBOXING = NO;
				GCC_C_LANGUAGE_STANDARD = gnu11;
				GCC_NO_COMMON_BLOCKS = YES;
				GCC_WARN_64_TO_32_BIT_CONVERSION = YES;
				GCC_WARN_ABOUT_RETURN_TYPE = YES_ERROR;
				GCC_WARN_UNDECLARED_SELECTOR = YES;
				GCC_WARN_UNINITIALIZED_AUTOS = YES_AGGRESSIVE;
				GCC_WARN_UNUSED_FUNCTION = YES;
				GCC_WARN_UNUSED_VARIABLE = YES;
				IPHONEOS_DEPLOYMENT_TARGET = 16.0;
				MTL_ENABLE_DEBUG_INFO = NO;
				MTL_FAST_MATH = YES;
				SDKROOT = iphoneos;
				SWIFT_COMPILATION_MODE = wholemodule;
				SWIFT_OPTIMIZATION_LEVEL = "-O";
				VALIDATE_PRODUCT = YES;
			};
			name = Release;
		};
		2137D5842AC1459D00AFE225 /* Debug */ = {
			isa = XCBuildConfiguration;
			buildSettings = {
				ASSETCATALOG_COMPILER_APPICON_NAME = AppIcon;
				ASSETCATALOG_COMPILER_GLOBAL_ACCENT_COLOR_NAME = AccentColor;
				CODE_SIGN_ENTITLEMENTS = Pickle/Pickle.entitlements;
				CODE_SIGN_IDENTITY = "Apple Development";
				"CODE_SIGN_IDENTITY[sdk=iphoneos*]" = "iPhone Developer";
				CODE_SIGN_STYLE = Manual;
				CURRENT_PROJECT_VERSION = 1;
				DEVELOPMENT_ASSET_PATHS = "\"Pickle/Preview Content\"";
				DEVELOPMENT_TEAM = "";
				"DEVELOPMENT_TEAM[sdk=iphoneos*]" = 2JZ8QNS5D4;
				ENABLE_PREVIEWS = YES;
				GENERATE_INFOPLIST_FILE = YES;
				INFOPLIST_FILE = Pickle/Info.plist;
				INFOPLIST_KEY_CFBundleDisplayName = "현실도 피자";
				INFOPLIST_KEY_NSHealthShareUsageDescription = "건강 데이터를 조회할 때 사용되는 필요한 권한입니다.";
				INFOPLIST_KEY_NSHealthUpdateUsageDescription = "건강 데이터를 조회할 때 사용되는 필요한 권한입니다.";
				INFOPLIST_KEY_UIApplicationSceneManifest_Generation = YES;
				INFOPLIST_KEY_UIApplicationSupportsIndirectInputEvents = YES;
				INFOPLIST_KEY_UILaunchScreen_Generation = YES;
				INFOPLIST_KEY_UILaunchStoryboardName = LaunchScreen.storyboard;
				INFOPLIST_KEY_UISupportedInterfaceOrientations_iPad = "UIInterfaceOrientationPortrait UIInterfaceOrientationPortraitUpsideDown UIInterfaceOrientationLandscapeLeft UIInterfaceOrientationLandscapeRight";
				INFOPLIST_KEY_UISupportedInterfaceOrientations_iPhone = "UIInterfaceOrientationPortrait UIInterfaceOrientationLandscapeLeft UIInterfaceOrientationLandscapeRight";
				IPHONEOS_DEPLOYMENT_TARGET = 16.0;
				LD_RUNPATH_SEARCH_PATHS = (
					"$(inherited)",
					"@executable_path/Frameworks",
				);
				MARKETING_VERSION = 1.0;
				PRODUCT_BUNDLE_IDENTIFIER = com.ddudios.realpizza;
				PRODUCT_NAME = "$(TARGET_NAME)";
				PROVISIONING_PROFILE_SPECIFIER = "";
				"PROVISIONING_PROFILE_SPECIFIER[sdk=iphoneos*]" = "realdoPizza-App-Debug";
				SWIFT_EMIT_LOC_STRINGS = YES;
				SWIFT_VERSION = 5.0;
				TARGETED_DEVICE_FAMILY = "1,2";
			};
			name = Debug;
		};
		2137D5852AC1459D00AFE225 /* Release */ = {
			isa = XCBuildConfiguration;
			buildSettings = {
				ASSETCATALOG_COMPILER_APPICON_NAME = AppIcon;
				ASSETCATALOG_COMPILER_GLOBAL_ACCENT_COLOR_NAME = AccentColor;
				CODE_SIGN_ENTITLEMENTS = Pickle/Pickle.entitlements;
				CODE_SIGN_IDENTITY = "Apple Development";
				"CODE_SIGN_IDENTITY[sdk=iphoneos*]" = "iPhone Developer";
				CODE_SIGN_STYLE = Manual;
				CURRENT_PROJECT_VERSION = 1;
				DEVELOPMENT_ASSET_PATHS = "\"Pickle/Preview Content\"";
				DEVELOPMENT_TEAM = "";
				"DEVELOPMENT_TEAM[sdk=iphoneos*]" = 2JZ8QNS5D4;
				ENABLE_PREVIEWS = YES;
				GENERATE_INFOPLIST_FILE = YES;
				INFOPLIST_FILE = Pickle/Info.plist;
				INFOPLIST_KEY_CFBundleDisplayName = "현실도 피자";
				INFOPLIST_KEY_NSHealthShareUsageDescription = "건강 데이터를 조회할 때 사용되는 필요한 권한입니다.";
				INFOPLIST_KEY_NSHealthUpdateUsageDescription = "건강 데이터를 조회할 때 사용되는 필요한 권한입니다.";
				INFOPLIST_KEY_UIApplicationSceneManifest_Generation = YES;
				INFOPLIST_KEY_UIApplicationSupportsIndirectInputEvents = YES;
				INFOPLIST_KEY_UILaunchScreen_Generation = YES;
				INFOPLIST_KEY_UILaunchStoryboardName = LaunchScreen.storyboard;
				INFOPLIST_KEY_UISupportedInterfaceOrientations_iPad = "UIInterfaceOrientationPortrait UIInterfaceOrientationPortraitUpsideDown UIInterfaceOrientationLandscapeLeft UIInterfaceOrientationLandscapeRight";
				INFOPLIST_KEY_UISupportedInterfaceOrientations_iPhone = "UIInterfaceOrientationPortrait UIInterfaceOrientationLandscapeLeft UIInterfaceOrientationLandscapeRight";
				IPHONEOS_DEPLOYMENT_TARGET = 16.0;
				LD_RUNPATH_SEARCH_PATHS = (
					"$(inherited)",
					"@executable_path/Frameworks",
				);
				MARKETING_VERSION = 1.0;
				PRODUCT_BUNDLE_IDENTIFIER = com.ddudios.realpizza;
				PRODUCT_NAME = "$(TARGET_NAME)";
				PROVISIONING_PROFILE_SPECIFIER = "";
				"PROVISIONING_PROFILE_SPECIFIER[sdk=iphoneos*]" = "realdoPizza-App-Debug";
				SWIFT_EMIT_LOC_STRINGS = YES;
				SWIFT_VERSION = 5.0;
				TARGETED_DEVICE_FAMILY = "1,2";
			};
			name = Release;
		};
		965C9BA62ADAB2380015ABBE /* Debug */ = {
			isa = XCBuildConfiguration;
			buildSettings = {
				ASSETCATALOG_COMPILER_GENERATE_SWIFT_ASSET_SYMBOL_EXTENSIONS = YES;
				BUNDLE_LOADER = "$(TEST_HOST)";
				CODE_SIGN_STYLE = Automatic;
				CURRENT_PROJECT_VERSION = 1;
				DEVELOPMENT_TEAM = 2JZ8QNS5D4;
				ENABLE_USER_SCRIPT_SANDBOXING = YES;
				GCC_C_LANGUAGE_STANDARD = gnu17;
				GENERATE_INFOPLIST_FILE = YES;
				IPHONEOS_DEPLOYMENT_TARGET = 16.0;
				LOCALIZATION_PREFERS_STRING_CATALOGS = YES;
				MARKETING_VERSION = 1.0;
				PRODUCT_BUNDLE_IDENTIFIER = kr.swift.cv.appschool.PickleTests;
				PRODUCT_NAME = "$(TARGET_NAME)";
				SWIFT_ACTIVE_COMPILATION_CONDITIONS = "DEBUG $(inherited)";
				SWIFT_EMIT_LOC_STRINGS = NO;
				SWIFT_VERSION = 5.0;
				TARGETED_DEVICE_FAMILY = "1,2";
				TEST_HOST = "$(BUILT_PRODUCTS_DIR)/Pickle.app/$(BUNDLE_EXECUTABLE_FOLDER_PATH)/Pickle";
			};
			name = Debug;
		};
		965C9BA72ADAB2380015ABBE /* Release */ = {
			isa = XCBuildConfiguration;
			buildSettings = {
				ASSETCATALOG_COMPILER_GENERATE_SWIFT_ASSET_SYMBOL_EXTENSIONS = YES;
				BUNDLE_LOADER = "$(TEST_HOST)";
				CODE_SIGN_STYLE = Automatic;
				CURRENT_PROJECT_VERSION = 1;
				DEVELOPMENT_TEAM = 2JZ8QNS5D4;
				ENABLE_USER_SCRIPT_SANDBOXING = YES;
				GCC_C_LANGUAGE_STANDARD = gnu17;
				GENERATE_INFOPLIST_FILE = YES;
				IPHONEOS_DEPLOYMENT_TARGET = 16.0;
				LOCALIZATION_PREFERS_STRING_CATALOGS = YES;
				MARKETING_VERSION = 1.0;
				PRODUCT_BUNDLE_IDENTIFIER = kr.swift.cv.appschool.PickleTests;
				PRODUCT_NAME = "$(TARGET_NAME)";
				SWIFT_EMIT_LOC_STRINGS = NO;
				SWIFT_VERSION = 5.0;
				TARGETED_DEVICE_FAMILY = "1,2";
				TEST_HOST = "$(BUILT_PRODUCTS_DIR)/Pickle.app/$(BUNDLE_EXECUTABLE_FOLDER_PATH)/Pickle";
			};
			name = Release;
		};
/* End XCBuildConfiguration section */

/* Begin XCConfigurationList section */
		2137D5702AC1459C00AFE225 /* Build configuration list for PBXProject "Pickle" */ = {
			isa = XCConfigurationList;
			buildConfigurations = (
				2137D5812AC1459D00AFE225 /* Debug */,
				2137D5822AC1459D00AFE225 /* Release */,
			);
			defaultConfigurationIsVisible = 0;
			defaultConfigurationName = Release;
		};
		2137D5832AC1459D00AFE225 /* Build configuration list for PBXNativeTarget "Pickle" */ = {
			isa = XCConfigurationList;
			buildConfigurations = (
				2137D5842AC1459D00AFE225 /* Debug */,
				2137D5852AC1459D00AFE225 /* Release */,
			);
			defaultConfigurationIsVisible = 0;
			defaultConfigurationName = Release;
		};
		965C9BA52ADAB2380015ABBE /* Build configuration list for PBXNativeTarget "PickleTests" */ = {
			isa = XCConfigurationList;
			buildConfigurations = (
				965C9BA62ADAB2380015ABBE /* Debug */,
				965C9BA72ADAB2380015ABBE /* Release */,
			);
			defaultConfigurationIsVisible = 0;
			defaultConfigurationName = Release;
		};
/* End XCConfigurationList section */

/* Begin XCRemoteSwiftPackageReference section */
		96BF928F2AC27EAC00277131 /* XCRemoteSwiftPackageReference "realm-swift" */ = {
			isa = XCRemoteSwiftPackageReference;
			repositoryURL = "https://github.com/realm/realm-swift.git";
			requirement = {
				branch = master;
				kind = branch;
			};
		};
/* End XCRemoteSwiftPackageReference section */

/* Begin XCSwiftPackageProductDependency section */
		96BF92902AC27EAC00277131 /* Realm */ = {
			isa = XCSwiftPackageProductDependency;
			package = 96BF928F2AC27EAC00277131 /* XCRemoteSwiftPackageReference "realm-swift" */;
			productName = Realm;
		};
		96BF92922AC27EAC00277131 /* RealmSwift */ = {
			isa = XCSwiftPackageProductDependency;
			package = 96BF928F2AC27EAC00277131 /* XCRemoteSwiftPackageReference "realm-swift" */;
			productName = RealmSwift;
		};
/* End XCSwiftPackageProductDependency section */
	};
	rootObject = 2137D56D2AC1459C00AFE225 /* Project object */;
}
